
Microsoft Visual Studio Solution File, Format Version 12.00
# Visual Studio Version 17
VisualStudioVersion = 17.4.33213.308
MinimumVisualStudioVersion = 10.0.40219.1
Project("{9A19103F-16F7-4668-BE54-9A1E7A4F7556}") = "ReactiveMarbles.Command", "ReactiveMarbles.Command\ReactiveMarbles.Command.csproj", "{19AA5FBF-A095-4459-A523-03E5221AEF0F}"
EndProject
Project("{9A19103F-16F7-4668-BE54-9A1E7A4F7556}") = "ReactiveMarbles.Command.Tests", "ReactiveMarbles.Command.Tests\ReactiveMarbles.Command.Tests.csproj", "{7D1573F5-9CEF-49EB-B653-87857230495A}"
EndProject
Project("{2150E333-8FDC-42A3-9474-1A3956D46DE8}") = "SolutionConfig", "SolutionConfig", "{C1E0030B-4B47-4DC4-8BA4-D5FF16EB6BB7}"
	ProjectSection(SolutionItems) = preProject
		..\.editorconfig = ..\.editorconfig
		directory.build.props = directory.build.props
		directory.build.targets = directory.build.targets
		directory.packages.props = directory.packages.props
		..\LICENSE = ..\LICENSE
		..\README.md = ..\README.md
		stylecop.json = stylecop.json
		..\version.json = ..\version.json
	EndProjectSection
EndProject
Global
	GlobalSection(SolutionConfigurationPlatforms) = preSolution
		Debug|Any CPU = Debug|Any CPU
		Release|Any CPU = Release|Any CPU
	EndGlobalSection
	GlobalSection(ProjectConfigurationPlatforms) = postSolution
		{19AA5FBF-A095-4459-A523-03E5221AEF0F}.Debug|Any CPU.ActiveCfg = Debug|Any CPU
		{19AA5FBF-A095-4459-A523-03E5221AEF0F}.Debug|Any CPU.Build.0 = Debug|Any CPU
		{19AA5FBF-A095-4459-A523-03E5221AEF0F}.Release|Any CPU.ActiveCfg = Release|Any CPU
		{19AA5FBF-A095-4459-A523-03E5221AEF0F}.Release|Any CPU.Build.0 = Release|Any CPU
		{7D1573F5-9CEF-49EB-B653-87857230495A}.Debug|Any CPU.ActiveCfg = Debug|Any CPU
		{7D1573F5-9CEF-49EB-B653-87857230495A}.Debug|Any CPU.Build.0 = Debug|Any CPU
		{7D1573F5-9CEF-49EB-B653-87857230495A}.Release|Any CPU.ActiveCfg = Release|Any CPU
		{7D1573F5-9CEF-49EB-B653-87857230495A}.Release|Any CPU.Build.0 = Release|Any CPU
	EndGlobalSection
	GlobalSection(SolutionProperties) = preSolution
		HideSolutionNode = FALSE
	EndGlobalSection
	GlobalSection(ExtensibilityGlobals) = postSolution
		SolutionGuid = {FCE43891-1767-4F50-8FCC-E46362D624CF}
	EndGlobalSection
EndGlobal
